
Microsoft Visual Studio Solution File, Format Version 12.00
# Visual Studio Version 17
VisualStudioVersion = 17.0.31903.59
MinimumVisualStudioVersion = 10.0.40219.1
Project("{FAE04EC0-301F-11D3-BF4B-00C04F79EFBC}") = "BuildingBlocks", "src\BuildingBlocks\BuildingBlocks\BuildingBlocks.csproj", "{D2607EF5-D45C-0799-DBAB-8F9823749714}"
EndProject
Project("{FAE04EC0-301F-11D3-BF4B-00C04F79EFBC}") = "Catalog.API", "src\Services\Catalog\Catalog.API\Catalog.API.csproj", "{2577D5E5-EA8A-BC2D-48B9-5FCA0BB92918}"
EndProject
Project("{E53339B2-1760-4266-BCC7-CA923CBCF16C}") = "docker-compose", "docker-compose.dcproj", "{81DDED9D-158B-E303-5F62-77A2896D2A5A}"
EndProject
Project("{FAE04EC0-301F-11D3-BF4B-00C04F79EFBC}") = "Basket.API", "src\Services\Basket\Basket.API\Basket.API.csproj", "{E225928D-1C39-4F01-9D96-EAFFEA8D975D}"
EndProject
Project("{2150E333-8FDC-42A3-9474-1A3956D46DE8}") = "src", "src", "{827E0CD3-B72D-47B6-A68D-7590B98EB39B}"
EndProject
Project("{2150E333-8FDC-42A3-9474-1A3956D46DE8}") = "Services", "Services", "{984BB9B3-3FA3-BE33-9484-CAC21695A33C}"
EndProject
Project("{2150E333-8FDC-42A3-9474-1A3956D46DE8}") = "Discounts", "Discounts", "{BF49B47B-9025-048B-054B-FC4746159325}"
EndProject
Project("{FAE04EC0-301F-11D3-BF4B-00C04F79EFBC}") = "Discounts.Grpc", "src\Services\Discounts\Discounts.Grpc\Discounts.Grpc.csproj", "{6E53A38E-13BE-4894-BC6E-0ADC0D010220}"
EndProject
Project("{2150E333-8FDC-42A3-9474-1A3956D46DE8}") = "Ordering", "Ordering", "{02EA681E-C7D8-13C7-8484-4AC65E1B71E8}"
EndProject
Project("{FAE04EC0-301F-11D3-BF4B-00C04F79EFBC}") = "Ordering.API", "src\Services\Ordering\Ordering.API\Ordering.API.csproj", "{3769CF71-6A17-41AA-AC75-DCF0031A6678}"
EndProject
Project("{FAE04EC0-301F-11D3-BF4B-00C04F79EFBC}") = "Ordering.Domain", "src\Services\Ordering\Ordering.Domain\Ordering.Domain.csproj", "{D89B1DBC-7F33-4BA7-BD03-BDF77BFCB946}"
EndProject
Project("{FAE04EC0-301F-11D3-BF4B-00C04F79EFBC}") = "Ordering.Application", "src\Services\Ordering\Ordering.Application\Ordering.Application.csproj", "{F49CD2C7-B822-4053-B864-99BE27230C9E}"
EndProject
Project("{FAE04EC0-301F-11D3-BF4B-00C04F79EFBC}") = "Ordering.Infrastructure", "src\Services\Ordering\Ordering.Infrastructure\Ordering.Infrastructure.csproj", "{A62F12D9-AF9E-4AD4-B3B1-84AA892D90C9}"
EndProject
Global
	GlobalSection(SolutionConfigurationPlatforms) = preSolution
		Debug|Any CPU = Debug|Any CPU
		Debug|x64 = Debug|x64
		Debug|x86 = Debug|x86
		Release|Any CPU = Release|Any CPU
		Release|x64 = Release|x64
		Release|x86 = Release|x86
	EndGlobalSection
	GlobalSection(ProjectConfigurationPlatforms) = postSolution
		{D2607EF5-D45C-0799-DBAB-8F9823749714}.Debug|Any CPU.ActiveCfg = Debug|Any CPU
		{D2607EF5-D45C-0799-DBAB-8F9823749714}.Debug|Any CPU.Build.0 = Debug|Any CPU
		{D2607EF5-D45C-0799-DBAB-8F9823749714}.Debug|x64.ActiveCfg = Debug|Any CPU
		{D2607EF5-D45C-0799-DBAB-8F9823749714}.Debug|x64.Build.0 = Debug|Any CPU
		{D2607EF5-D45C-0799-DBAB-8F9823749714}.Debug|x86.ActiveCfg = Debug|Any CPU
		{D2607EF5-D45C-0799-DBAB-8F9823749714}.Debug|x86.Build.0 = Debug|Any CPU
		{D2607EF5-D45C-0799-DBAB-8F9823749714}.Release|Any CPU.ActiveCfg = Release|Any CPU
		{D2607EF5-D45C-0799-DBAB-8F9823749714}.Release|Any CPU.Build.0 = Release|Any CPU
		{D2607EF5-D45C-0799-DBAB-8F9823749714}.Release|x64.ActiveCfg = Release|Any CPU
		{D2607EF5-D45C-0799-DBAB-8F9823749714}.Release|x64.Build.0 = Release|Any CPU
		{D2607EF5-D45C-0799-DBAB-8F9823749714}.Release|x86.ActiveCfg = Release|Any CPU
		{D2607EF5-D45C-0799-DBAB-8F9823749714}.Release|x86.Build.0 = Release|Any CPU
		{2577D5E5-EA8A-BC2D-48B9-5FCA0BB92918}.Debug|Any CPU.ActiveCfg = Debug|Any CPU
		{2577D5E5-EA8A-BC2D-48B9-5FCA0BB92918}.Debug|Any CPU.Build.0 = Debug|Any CPU
		{2577D5E5-EA8A-BC2D-48B9-5FCA0BB92918}.Debug|x64.ActiveCfg = Debug|Any CPU
		{2577D5E5-EA8A-BC2D-48B9-5FCA0BB92918}.Debug|x64.Build.0 = Debug|Any CPU
		{2577D5E5-EA8A-BC2D-48B9-5FCA0BB92918}.Debug|x86.ActiveCfg = Debug|Any CPU
		{2577D5E5-EA8A-BC2D-48B9-5FCA0BB92918}.Debug|x86.Build.0 = Debug|Any CPU
		{2577D5E5-EA8A-BC2D-48B9-5FCA0BB92918}.Release|Any CPU.ActiveCfg = Release|Any CPU
		{2577D5E5-EA8A-BC2D-48B9-5FCA0BB92918}.Release|Any CPU.Build.0 = Release|Any CPU
		{2577D5E5-EA8A-BC2D-48B9-5FCA0BB92918}.Release|x64.ActiveCfg = Release|Any CPU
		{2577D5E5-EA8A-BC2D-48B9-5FCA0BB92918}.Release|x64.Build.0 = Release|Any CPU
		{2577D5E5-EA8A-BC2D-48B9-5FCA0BB92918}.Release|x86.ActiveCfg = Release|Any CPU
		{2577D5E5-EA8A-BC2D-48B9-5FCA0BB92918}.Release|x86.Build.0 = Release|Any CPU
		{81DDED9D-158B-E303-5F62-77A2896D2A5A}.Debug|Any CPU.ActiveCfg = Debug|Any CPU
		{81DDED9D-158B-E303-5F62-77A2896D2A5A}.Debug|Any CPU.Build.0 = Debug|Any CPU
		{81DDED9D-158B-E303-5F62-77A2896D2A5A}.Debug|x64.ActiveCfg = Debug|Any CPU
		{81DDED9D-158B-E303-5F62-77A2896D2A5A}.Debug|x64.Build.0 = Debug|Any CPU
		{81DDED9D-158B-E303-5F62-77A2896D2A5A}.Debug|x86.ActiveCfg = Debug|Any CPU
		{81DDED9D-158B-E303-5F62-77A2896D2A5A}.Debug|x86.Build.0 = Debug|Any CPU
		{81DDED9D-158B-E303-5F62-77A2896D2A5A}.Release|Any CPU.ActiveCfg = Release|Any CPU
		{81DDED9D-158B-E303-5F62-77A2896D2A5A}.Release|Any CPU.Build.0 = Release|Any CPU
		{81DDED9D-158B-E303-5F62-77A2896D2A5A}.Release|x64.ActiveCfg = Release|Any CPU
		{81DDED9D-158B-E303-5F62-77A2896D2A5A}.Release|x64.Build.0 = Release|Any CPU
		{81DDED9D-158B-E303-5F62-77A2896D2A5A}.Release|x86.ActiveCfg = Release|Any CPU
		{81DDED9D-158B-E303-5F62-77A2896D2A5A}.Release|x86.Build.0 = Release|Any CPU
		{E225928D-1C39-4F01-9D96-EAFFEA8D975D}.Debug|Any CPU.ActiveCfg = Debug|Any CPU
		{E225928D-1C39-4F01-9D96-EAFFEA8D975D}.Debug|Any CPU.Build.0 = Debug|Any CPU
		{E225928D-1C39-4F01-9D96-EAFFEA8D975D}.Debug|x64.ActiveCfg = Debug|Any CPU
		{E225928D-1C39-4F01-9D96-EAFFEA8D975D}.Debug|x64.Build.0 = Debug|Any CPU
		{E225928D-1C39-4F01-9D96-EAFFEA8D975D}.Debug|x86.ActiveCfg = Debug|Any CPU
		{E225928D-1C39-4F01-9D96-EAFFEA8D975D}.Debug|x86.Build.0 = Debug|Any CPU
		{E225928D-1C39-4F01-9D96-EAFFEA8D975D}.Release|Any CPU.ActiveCfg = Release|Any CPU
		{E225928D-1C39-4F01-9D96-EAFFEA8D975D}.Release|Any CPU.Build.0 = Release|Any CPU
		{E225928D-1C39-4F01-9D96-EAFFEA8D975D}.Release|x64.ActiveCfg = Release|Any CPU
		{E225928D-1C39-4F01-9D96-EAFFEA8D975D}.Release|x64.Build.0 = Release|Any CPU
		{E225928D-1C39-4F01-9D96-EAFFEA8D975D}.Release|x86.ActiveCfg = Release|Any CPU
		{E225928D-1C39-4F01-9D96-EAFFEA8D975D}.Release|x86.Build.0 = Release|Any CPU
		{6E53A38E-13BE-4894-BC6E-0ADC0D010220}.Debug|Any CPU.ActiveCfg = Debug|Any CPU
		{6E53A38E-13BE-4894-BC6E-0ADC0D010220}.Debug|Any CPU.Build.0 = Debug|Any CPU
		{6E53A38E-13BE-4894-BC6E-0ADC0D010220}.Debug|x64.ActiveCfg = Debug|Any CPU
		{6E53A38E-13BE-4894-BC6E-0ADC0D010220}.Debug|x64.Build.0 = Debug|Any CPU
		{6E53A38E-13BE-4894-BC6E-0ADC0D010220}.Debug|x86.ActiveCfg = Debug|Any CPU
		{6E53A38E-13BE-4894-BC6E-0ADC0D010220}.Debug|x86.Build.0 = Debug|Any CPU
		{6E53A38E-13BE-4894-BC6E-0ADC0D010220}.Release|Any CPU.ActiveCfg = Release|Any CPU
		{6E53A38E-13BE-4894-BC6E-0ADC0D010220}.Release|Any CPU.Build.0 = Release|Any CPU
		{6E53A38E-13BE-4894-BC6E-0ADC0D010220}.Release|x64.ActiveCfg = Release|Any CPU
		{6E53A38E-13BE-4894-BC6E-0ADC0D010220}.Release|x64.Build.0 = Release|Any CPU
		{6E53A38E-13BE-4894-BC6E-0ADC0D010220}.Release|x86.ActiveCfg = Release|Any CPU
		{6E53A38E-13BE-4894-BC6E-0ADC0D010220}.Release|x86.Build.0 = Release|Any CPU
		{3769CF71-6A17-41AA-AC75-DCF0031A6678}.Debug|Any CPU.ActiveCfg = Debug|Any CPU
		{3769CF71-6A17-41AA-AC75-DCF0031A6678}.Debug|Any CPU.Build.0 = Debug|Any CPU
		{3769CF71-6A17-41AA-AC75-DCF0031A6678}.Debug|x64.ActiveCfg = Debug|Any CPU
		{3769CF71-6A17-41AA-AC75-DCF0031A6678}.Debug|x64.Build.0 = Debug|Any CPU
		{3769CF71-6A17-41AA-AC75-DCF0031A6678}.Debug|x86.ActiveCfg = Debug|Any CPU
		{3769CF71-6A17-41AA-AC75-DCF0031A6678}.Debug|x86.Build.0 = Debug|Any CPU
		{3769CF71-6A17-41AA-AC75-DCF0031A6678}.Release|Any CPU.ActiveCfg = Release|Any CPU
		{3769CF71-6A17-41AA-AC75-DCF0031A6678}.Release|Any CPU.Build.0 = Release|Any CPU
		{3769CF71-6A17-41AA-AC75-DCF0031A6678}.Release|x64.ActiveCfg = Release|Any CPU
		{3769CF71-6A17-41AA-AC75-DCF0031A6678}.Release|x64.Build.0 = Release|Any CPU
		{3769CF71-6A17-41AA-AC75-DCF0031A6678}.Release|x86.ActiveCfg = Release|Any CPU
		{3769CF71-6A17-41AA-AC75-DCF0031A6678}.Release|x86.Build.0 = Release|Any CPU
		{D89B1DBC-7F33-4BA7-BD03-BDF77BFCB946}.Debug|Any CPU.ActiveCfg = Debug|Any CPU
		{D89B1DBC-7F33-4BA7-BD03-BDF77BFCB946}.Debug|Any CPU.Build.0 = Debug|Any CPU
		{D89B1DBC-7F33-4BA7-BD03-BDF77BFCB946}.Debug|x64.ActiveCfg = Debug|Any CPU
		{D89B1DBC-7F33-4BA7-BD03-BDF77BFCB946}.Debug|x64.Build.0 = Debug|Any CPU
		{D89B1DBC-7F33-4BA7-BD03-BDF77BFCB946}.Debug|x86.ActiveCfg = Debug|Any CPU
		{D89B1DBC-7F33-4BA7-BD03-BDF77BFCB946}.Debug|x86.Build.0 = Debug|Any CPU
		{D89B1DBC-7F33-4BA7-BD03-BDF77BFCB946}.Release|Any CPU.ActiveCfg = Release|Any CPU
		{D89B1DBC-7F33-4BA7-BD03-BDF77BFCB946}.Release|Any CPU.Build.0 = Release|Any CPU
		{D89B1DBC-7F33-4BA7-BD03-BDF77BFCB946}.Release|x64.ActiveCfg = Release|Any CPU
		{D89B1DBC-7F33-4BA7-BD03-BDF77BFCB946}.Release|x64.Build.0 = Release|Any CPU
		{D89B1DBC-7F33-4BA7-BD03-BDF77BFCB946}.Release|x86.ActiveCfg = Release|Any CPU
		{D89B1DBC-7F33-4BA7-BD03-BDF77BFCB946}.Release|x86.Build.0 = Release|Any CPU
		{F49CD2C7-B822-4053-B864-99BE27230C9E}.Debug|Any CPU.ActiveCfg = Debug|Any CPU
		{F49CD2C7-B822-4053-B864-99BE27230C9E}.Debug|Any CPU.Build.0 = Debug|Any CPU
		{F49CD2C7-B822-4053-B864-99BE27230C9E}.Debug|x64.ActiveCfg = Debug|Any CPU
		{F49CD2C7-B822-4053-B864-99BE27230C9E}.Debug|x64.Build.0 = Debug|Any CPU
		{F49CD2C7-B822-4053-B864-99BE27230C9E}.Debug|x86.ActiveCfg = Debug|Any CPU
		{F49CD2C7-B822-4053-B864-99BE27230C9E}.Debug|x86.Build.0 = Debug|Any CPU
		{F49CD2C7-B822-4053-B864-99BE27230C9E}.Release|Any CPU.ActiveCfg = Release|Any CPU
		{F49CD2C7-B822-4053-B864-99BE27230C9E}.Release|Any CPU.Build.0 = Release|Any CPU
		{F49CD2C7-B822-4053-B864-99BE27230C9E}.Release|x64.ActiveCfg = Release|Any CPU
		{F49CD2C7-B822-4053-B864-99BE27230C9E}.Release|x64.Build.0 = Release|Any CPU
		{F49CD2C7-B822-4053-B864-99BE27230C9E}.Release|x86.ActiveCfg = Release|Any CPU
		{F49CD2C7-B822-4053-B864-99BE27230C9E}.Release|x86.Build.0 = Release|Any CPU
		{A62F12D9-AF9E-4AD4-B3B1-84AA892D90C9}.Debug|Any CPU.ActiveCfg = Debug|Any CPU
		{A62F12D9-AF9E-4AD4-B3B1-84AA892D90C9}.Debug|Any CPU.Build.0 = Debug|Any CPU
		{A62F12D9-AF9E-4AD4-B3B1-84AA892D90C9}.Debug|x64.ActiveCfg = Debug|Any CPU
		{A62F12D9-AF9E-4AD4-B3B1-84AA892D90C9}.Debug|x64.Build.0 = Debug|Any CPU
		{A62F12D9-AF9E-4AD4-B3B1-84AA892D90C9}.Debug|x86.ActiveCfg = Debug|Any CPU
		{A62F12D9-AF9E-4AD4-B3B1-84AA892D90C9}.Debug|x86.Build.0 = Debug|Any CPU
		{A62F12D9-AF9E-4AD4-B3B1-84AA892D90C9}.Release|Any CPU.ActiveCfg = Release|Any CPU
		{A62F12D9-AF9E-4AD4-B3B1-84AA892D90C9}.Release|Any CPU.Build.0 = Release|Any CPU
		{A62F12D9-AF9E-4AD4-B3B1-84AA892D90C9}.Release|x64.ActiveCfg = Release|Any CPU
		{A62F12D9-AF9E-4AD4-B3B1-84AA892D90C9}.Release|x64.Build.0 = Release|Any CPU
		{A62F12D9-AF9E-4AD4-B3B1-84AA892D90C9}.Release|x86.ActiveCfg = Release|Any CPU
		{A62F12D9-AF9E-4AD4-B3B1-84AA892D90C9}.Release|x86.Build.0 = Release|Any CPU
	EndGlobalSection
	GlobalSection(SolutionProperties) = preSolution
		HideSolutionNode = FALSE
	EndGlobalSection
	GlobalSection(NestedProjects) = preSolution
		{984BB9B3-3FA3-BE33-9484-CAC21695A33C} = {827E0CD3-B72D-47B6-A68D-7590B98EB39B}
		{BF49B47B-9025-048B-054B-FC4746159325} = {984BB9B3-3FA3-BE33-9484-CAC21695A33C}
		{6E53A38E-13BE-4894-BC6E-0ADC0D010220} = {BF49B47B-9025-048B-054B-FC4746159325}
		{02EA681E-C7D8-13C7-8484-4AC65E1B71E8} = {984BB9B3-3FA3-BE33-9484-CAC21695A33C}
		{3769CF71-6A17-41AA-AC75-DCF0031A6678} = {02EA681E-C7D8-13C7-8484-4AC65E1B71E8}
		{D89B1DBC-7F33-4BA7-BD03-BDF77BFCB946} = {02EA681E-C7D8-13C7-8484-4AC65E1B71E8}
		{F49CD2C7-B822-4053-B864-99BE27230C9E} = {02EA681E-C7D8-13C7-8484-4AC65E1B71E8}
		{A62F12D9-AF9E-4AD4-B3B1-84AA892D90C9} = {02EA681E-C7D8-13C7-8484-4AC65E1B71E8}
	EndGlobalSection
	GlobalSection(ExtensibilityGlobals) = postSolution
		SolutionGuid = {2F9DCC4D-DFF8-46C5-A3CA-EB25C2FDC063}
	EndGlobalSection
EndGlobal
